
Microsoft Visual Studio Solution File, Format Version 12.00
# Visual Studio 15
VisualStudioVersion = 15.0.27703.2026
MinimumVisualStudioVersion = 10.0.40219.1
Project("{FAE04EC0-301F-11D3-BF4B-00C04F79EFBC}") = "MVCtest20180709", "MVCtest20180709\MVCtest20180709.csproj", "{77FD3E20-8C12-4A46-8134-9D8A4043D7C1}"
EndProject
Global
	GlobalSection(SolutionConfigurationPlatforms) = preSolution
		Debug|Any CPU = Debug|Any CPU
		Release|Any CPU = Release|Any CPU
	EndGlobalSection
	GlobalSection(ProjectConfigurationPlatforms) = postSolution
		{77FD3E20-8C12-4A46-8134-9D8A4043D7C1}.Debug|Any CPU.ActiveCfg = Debug|Any CPU
		{77FD3E20-8C12-4A46-8134-9D8A4043D7C1}.Debug|Any CPU.Build.0 = Debug|Any CPU
		{77FD3E20-8C12-4A46-8134-9D8A4043D7C1}.Release|Any CPU.ActiveCfg = Release|Any CPU
		{77FD3E20-8C12-4A46-8134-9D8A4043D7C1}.Release|Any CPU.Build.0 = Release|Any CPU
	EndGlobalSection
	GlobalSection(SolutionProperties) = preSolution
		HideSolutionNode = FALSE
	EndGlobalSection
	GlobalSection(ExtensibilityGlobals) = postSolution
		SolutionGuid = {5F45A2D5-421B-4097-AA3B-59DF8B70CD12}
	EndGlobalSection
EndGlobal
